
Microsoft Visual Studio Solution File, Format Version 12.00
# Visual Studio Version 17
VisualStudioVersion = 17.2.32630.192
MinimumVisualStudioVersion = 10.0.40219.1
Project("{9A19103F-16F7-4668-BE54-9A1E7A4F7556}") = "Module_14_1", "Module_14\Module_14_1.csproj", "{2DE64E01-E493-4499-B7E4-02C8D8265931}"
EndProject
Project("{9A19103F-16F7-4668-BE54-9A1E7A4F7556}") = "Module_14_2", "Module14_2\Module_14_2.csproj", "{FBACA399-4829-4C61-AFC3-EE38C0E537B4}"
EndProject
Project("{FAE04EC0-301F-11D3-BF4B-00C04F79EFBC}") = "Module_14_3", "Module_14_3\Module_14_3.csproj", "{A9261823-F8AB-45C7-BDB7-58A40AF21E0B}"
EndProject
Project("{FAE04EC0-301F-11D3-BF4B-00C04F79EFBC}") = "Module_14_3_3", "Module_14_3_3\Module_14_3_3.csproj", "{C2A42148-470F-4683-801C-C2472E43CAE2}"
EndProject
Global
	GlobalSection(SolutionConfigurationPlatforms) = preSolution
		Debug|Any CPU = Debug|Any CPU
		Release|Any CPU = Release|Any CPU
	EndGlobalSection
	GlobalSection(ProjectConfigurationPlatforms) = postSolution
		{2DE64E01-E493-4499-B7E4-02C8D8265931}.Debug|Any CPU.ActiveCfg = Debug|Any CPU
		{2DE64E01-E493-4499-B7E4-02C8D8265931}.Debug|Any CPU.Build.0 = Debug|Any CPU
		{2DE64E01-E493-4499-B7E4-02C8D8265931}.Release|Any CPU.ActiveCfg = Release|Any CPU
		{2DE64E01-E493-4499-B7E4-02C8D8265931}.Release|Any CPU.Build.0 = Release|Any CPU
		{FBACA399-4829-4C61-AFC3-EE38C0E537B4}.Debug|Any CPU.ActiveCfg = Debug|Any CPU
		{FBACA399-4829-4C61-AFC3-EE38C0E537B4}.Debug|Any CPU.Build.0 = Debug|Any CPU
		{FBACA399-4829-4C61-AFC3-EE38C0E537B4}.Release|Any CPU.ActiveCfg = Release|Any CPU
		{FBACA399-4829-4C61-AFC3-EE38C0E537B4}.Release|Any CPU.Build.0 = Release|Any CPU
		{A9261823-F8AB-45C7-BDB7-58A40AF21E0B}.Debug|Any CPU.ActiveCfg = Debug|Any CPU
		{A9261823-F8AB-45C7-BDB7-58A40AF21E0B}.Debug|Any CPU.Build.0 = Debug|Any CPU
		{A9261823-F8AB-45C7-BDB7-58A40AF21E0B}.Release|Any CPU.ActiveCfg = Release|Any CPU
		{A9261823-F8AB-45C7-BDB7-58A40AF21E0B}.Release|Any CPU.Build.0 = Release|Any CPU
		{C2A42148-470F-4683-801C-C2472E43CAE2}.Debug|Any CPU.ActiveCfg = Debug|Any CPU
		{C2A42148-470F-4683-801C-C2472E43CAE2}.Debug|Any CPU.Build.0 = Debug|Any CPU
		{C2A42148-470F-4683-801C-C2472E43CAE2}.Release|Any CPU.ActiveCfg = Release|Any CPU
		{C2A42148-470F-4683-801C-C2472E43CAE2}.Release|Any CPU.Build.0 = Release|Any CPU
	EndGlobalSection
	GlobalSection(SolutionProperties) = preSolution
		HideSolutionNode = FALSE
	EndGlobalSection
	GlobalSection(ExtensibilityGlobals) = postSolution
		SolutionGuid = {FC10120E-2845-4A76-BB50-1EC4E8F7AF8B}
	EndGlobalSection
EndGlobal
